// !$*UTF8*$!
{
	archiveVersion = 1;
	classes = {
	};
	objectVersion = 46;
	objects = {

/* Begin PBXBuildFile section */
		634BF60B1D46868A001149C7 /* AppDelegate.swift in Sources */ = {isa = PBXBuildFile; fileRef = 634BF60A1D46868A001149C7 /* AppDelegate.swift */; };
		634BF6101D46868A001149C7 /* Main.storyboard in Resources */ = {isa = PBXBuildFile; fileRef = 634BF60E1D46868A001149C7 /* Main.storyboard */; };
		634BF6121D46868A001149C7 /* Assets.xcassets in Resources */ = {isa = PBXBuildFile; fileRef = 634BF6111D46868A001149C7 /* Assets.xcassets */; };
		634BF6151D46868A001149C7 /* LaunchScreen.storyboard in Resources */ = {isa = PBXBuildFile; fileRef = 634BF6131D46868A001149C7 /* LaunchScreen.storyboard */; };
		634BF61E1D4686F7001149C7 /* TweetTableViewController.swift in Sources */ = {isa = PBXBuildFile; fileRef = 634BF61D1D4686F7001149C7 /* TweetTableViewController.swift */; };
		634BF6261D46CEDC001149C7 /* Twitter.framework in Frameworks */ = {isa = PBXBuildFile; fileRef = 634BF6251D46CEDC001149C7 /* Twitter.framework */; };
		634BF6271D46CEDC001149C7 /* Twitter.framework in Embed Frameworks */ = {isa = PBXBuildFile; fileRef = 634BF6251D46CEDC001149C7 /* Twitter.framework */; settings = {ATTRIBUTES = (CodeSignOnCopy, RemoveHeadersOnCopy, ); }; };
/* End PBXBuildFile section */

/* Begin PBXCopyFilesBuildPhase section */
		634BF6281D46CEDC001149C7 /* Embed Frameworks */ = {
			isa = PBXCopyFilesBuildPhase;
			buildActionMask = 2147483647;
			dstPath = "";
			dstSubfolderSpec = 10;
			files = (
				634BF6271D46CEDC001149C7 /* Twitter.framework in Embed Frameworks */,
			);
			name = "Embed Frameworks";
			runOnlyForDeploymentPostprocessing = 0;
		};
/* End PBXCopyFilesBuildPhase section */

/* Begin PBXFileReference section */
		634BF6071D46868A001149C7 /* SmashTag.app */ = {isa = PBXFileReference; explicitFileType = wrapper.application; includeInIndex = 0; path = SmashTag.app; sourceTree = BUILT_PRODUCTS_DIR; };
		634BF60A1D46868A001149C7 /* AppDelegate.swift */ = {isa = PBXFileReference; lastKnownFileType = sourcecode.swift; path = AppDelegate.swift; sourceTree = "<group>"; };
		634BF60F1D46868A001149C7 /* Base */ = {isa = PBXFileReference; lastKnownFileType = file.storyboard; name = Base; path = Base.lproj/Main.storyboard; sourceTree = "<group>"; };
		634BF6111D46868A001149C7 /* Assets.xcassets */ = {isa = PBXFileReference; lastKnownFileType = folder.assetcatalog; path = Assets.xcassets; sourceTree = "<group>"; };
		634BF6141D46868A001149C7 /* Base */ = {isa = PBXFileReference; lastKnownFileType = file.storyboard; name = Base; path = Base.lproj/LaunchScreen.storyboard; sourceTree = "<group>"; };
		634BF6161D46868A001149C7 /* Info.plist */ = {isa = PBXFileReference; lastKnownFileType = text.plist.xml; path = Info.plist; sourceTree = "<group>"; };
		634BF61D1D4686F7001149C7 /* TweetTableViewController.swift */ = {isa = PBXFileReference; fileEncoding = 4; lastKnownFileType = sourcecode.swift; path = TweetTableViewController.swift; sourceTree = "<group>"; };
		634BF6251D46CEDC001149C7 /* Twitter.framework */ = {isa = PBXFileReference; explicitFileType = wrapper.framework; name = Twitter.framework; path = "/Users/VladRomanov/Library/Developer/Xcode/DerivedData/Lecture9-avoqzneolaquiaexxaruwfymtdbf/Build/Products/Debug-iphoneos/Twitter.framework"; sourceTree = "<absolute>"; };
/* End PBXFileReference section */

/* Begin PBXFrameworksBuildPhase section */
		634BF6041D46868A001149C7 /* Frameworks */ = {
			isa = PBXFrameworksBuildPhase;
			buildActionMask = 2147483647;
			files = (
				634BF6261D46CEDC001149C7 /* Twitter.framework in Frameworks */,
			);
			runOnlyForDeploymentPostprocessing = 0;
		};
/* End PBXFrameworksBuildPhase section */

/* Begin PBXGroup section */
		634BF5FE1D46868A001149C7 = {
			isa = PBXGroup;
			children = (
				634BF6251D46CEDC001149C7 /* Twitter.framework */,
				634BF6091D46868A001149C7 /* SmashTag */,
				634BF6081D46868A001149C7 /* Products */,
			);
			sourceTree = "<group>";
		};
		634BF6081D46868A001149C7 /* Products */ = {
			isa = PBXGroup;
			children = (
				634BF6071D46868A001149C7 /* SmashTag.app */,
			);
			name = Products;
			sourceTree = "<group>";
		};
		634BF6091D46868A001149C7 /* SmashTag */ = {
			isa = PBXGroup;
			children = (
				634BF60E1D46868A001149C7 /* Main.storyboard */,
				634BF61D1D4686F7001149C7 /* TweetTableViewController.swift */,
				634BF61C1D4686AA001149C7 /* Supporting Files */,
			);
			path = SmashTag;
			sourceTree = "<group>";
		};
		634BF61C1D4686AA001149C7 /* Supporting Files */ = {
			isa = PBXGroup;
			children = (
				634BF60A1D46868A001149C7 /* AppDelegate.swift */,
				634BF6111D46868A001149C7 /* Assets.xcassets */,
				634BF6131D46868A001149C7 /* LaunchScreen.storyboard */,
				634BF6161D46868A001149C7 /* Info.plist */,
			);
			name = "Supporting Files";
			sourceTree = "<group>";
		};
/* End PBXGroup section */

/* Begin PBXNativeTarget section */
		634BF6061D46868A001149C7 /* SmashTag */ = {
			isa = PBXNativeTarget;
			buildConfigurationList = 634BF6191D46868A001149C7 /* Build configuration list for PBXNativeTarget "SmashTag" */;
			buildPhases = (
				634BF6031D46868A001149C7 /* Sources */,
				634BF6041D46868A001149C7 /* Frameworks */,
				634BF6051D46868A001149C7 /* Resources */,
				634BF6281D46CEDC001149C7 /* Embed Frameworks */,
			);
			buildRules = (
			);
			dependencies = (
			);
			name = SmashTag;
			productName = SmashTag;
			productReference = 634BF6071D46868A001149C7 /* SmashTag.app */;
			productType = "com.apple.product-type.application";
		};
/* End PBXNativeTarget section */

/* Begin PBXProject section */
		634BF5FF1D46868A001149C7 /* Project object */ = {
			isa = PBXProject;
			attributes = {
				LastSwiftUpdateCheck = 0730;
				LastUpgradeCheck = 0730;
				ORGANIZATIONNAME = "Volodymyr Romanov";
				TargetAttributes = {
					634BF6061D46868A001149C7 = {
						CreatedOnToolsVersion = 7.3.1;
					};
				};
			};
			buildConfigurationList = 634BF6021D46868A001149C7 /* Build configuration list for PBXProject "SmashTag" */;
			compatibilityVersion = "Xcode 3.2";
			developmentRegion = English;
			hasScannedForEncodings = 0;
			knownRegions = (
				en,
				Base,
			);
			mainGroup = 634BF5FE1D46868A001149C7;
			productRefGroup = 634BF6081D46868A001149C7 /* Products */;
			projectDirPath = "";
			projectRoot = "";
			targets = (
				634BF6061D46868A001149C7 /* SmashTag */,
			);
		};
/* End PBXProject section */

/* Begin PBXResourcesBuildPhase section */
		634BF6051D46868A001149C7 /* Resources */ = {
			isa = PBXResourcesBuildPhase;
			buildActionMask = 2147483647;
			files = (
				634BF6151D46868A001149C7 /* LaunchScreen.storyboard in Resources */,
				634BF6121D46868A001149C7 /* Assets.xcassets in Resources */,
				634BF6101D46868A001149C7 /* Main.storyboard in Resources */,
			);
			runOnlyForDeploymentPostprocessing = 0;
		};
/* End PBXResourcesBuildPhase section */

/* Begin PBXSourcesBuildPhase section */
		634BF6031D46868A001149C7 /* Sources */ = {
			isa = PBXSourcesBuildPhase;
			buildActionMask = 2147483647;
			files = (
				634BF60B1D46868A001149C7 /* AppDelegate.swift in Sources */,
				634BF61E1D4686F7001149C7 /* TweetTableViewController.swift in Sources */,
			);
			runOnlyForDeploymentPostprocessing = 0;
		};
/* End PBXSourcesBuildPhase section */

/* Begin PBXVariantGroup section */
		634BF60E1D46868A001149C7 /* Main.storyboard */ = {
			isa = PBXVariantGroup;
			children = (
				634BF60F1D46868A001149C7 /* Base */,
			);
			name = Main.storyboard;
			sourceTree = "<group>";
		};
		634BF6131D46868A001149C7 /* LaunchScreen.storyboard */ = {
			isa = PBXVariantGroup;
			children = (
				634BF6141D46868A001149C7 /* Base */,
			);
			name = LaunchScreen.storyboard;
			sourceTree = "<group>";
		};
/* End PBXVariantGroup section */

/* Begin XCBuildConfiguration section */
		634BF6171D46868A001149C7 /* Debug */ = {
			isa = XCBuildConfiguration;
			buildSettings = {
				ALWAYS_SEARCH_USER_PATHS = NO;
				CLANG_ANALYZER_NONNULL = YES;
				CLANG_CXX_LANGUAGE_STANDARD = "gnu++0x";
				CLANG_CXX_LIBRARY = "libc++";
				CLANG_ENABLE_MODULES = YES;
				CLANG_ENABLE_OBJC_ARC = YES;
				CLANG_WARN_BOOL_CONVERSION = YES;
				CLANG_WARN_CONSTANT_CONVERSION = YES;
				CLANG_WARN_DIRECT_OBJC_ISA_USAGE = YES_ERROR;
				CLANG_WARN_EMPTY_BODY = YES;
				CLANG_WARN_ENUM_CONVERSION = YES;
				CLANG_WARN_INT_CONVERSION = YES;
				CLANG_WARN_OBJC_ROOT_CLASS = YES_ERROR;
				CLANG_WARN_UNREACHABLE_CODE = YES;
				CLANG_WARN__DUPLICATE_METHOD_MATCH = YES;
				"CODE_SIGN_IDENTITY[sdk=iphoneos*]" = "iPhone Developer";
				COPY_PHASE_STRIP = NO;
				DEBUG_INFORMATION_FORMAT = dwarf;
				ENABLE_STRICT_OBJC_MSGSEND = YES;
				ENABLE_TESTABILITY = YES;
				GCC_C_LANGUAGE_STANDARD = gnu99;
				GCC_DYNAMIC_NO_PIC = NO;
				GCC_NO_COMMON_BLOCKS = YES;
				GCC_OPTIMIZATION_LEVEL = 0;
				GCC_PREPROCESSOR_DEFINITIONS = (
					"DEBUG=1",
					"$(inherited)",
				);
				GCC_WARN_64_TO_32_BIT_CONVERSION = YES;
				GCC_WARN_ABOUT_RETURN_TYPE = YES_ERROR;
				GCC_WARN_UNDECLARED_SELECTOR = YES;
				GCC_WARN_UNINITIALIZED_AUTOS = YES_AGGRESSIVE;
				GCC_WARN_UNUSED_FUNCTION = YES;
				GCC_WARN_UNUSED_VARIABLE = YES;
				IPHONEOS_DEPLOYMENT_TARGET = 9.3;
				MTL_ENABLE_DEBUG_INFO = YES;
				ONLY_ACTIVE_ARCH = YES;
				SDKROOT = iphoneos;
				SWIFT_OPTIMIZATION_LEVEL = "-Onone";
			};
			name = Debug;
		};
		634BF6181D46868A001149C7 /* Release */ = {
			isa = XCBuildConfiguration;
			buildSettings = {
				ALWAYS_SEARCH_USER_PATHS = NO;
				CLANG_ANALYZER_NONNULL = YES;
				CLANG_CXX_LANGUAGE_STANDARD = "gnu++0x";
				CLANG_CXX_LIBRARY = "libc++";
				CLANG_ENABLE_MODULES = YES;
				CLANG_ENABLE_OBJC_ARC = YES;
				CLANG_WARN_BOOL_CONVERSION = YES;
				CLANG_WARN_CONSTANT_CONVERSION = YES;
				CLANG_WARN_DIRECT_OBJC_ISA_USAGE = YES_ERROR;
				CLANG_WARN_EMPTY_BODY = YES;
				CLANG_WARN_ENUM_CONVERSION = YES;
				CLANG_WARN_INT_CONVERSION = YES;
				CLANG_WARN_OBJC_ROOT_CLASS = YES_ERROR;
				CLANG_WARN_UNREACHABLE_CODE = YES;
				CLANG_WARN__DUPLICATE_METHOD_MATCH = YES;
				"CODE_SIGN_IDENTITY[sdk=iphoneos*]" = "iPhone Developer";
				COPY_PHASE_STRIP = NO;
				DEBUG_INFORMATION_FORMAT = "dwarf-with-dsym";
				ENABLE_NS_ASSERTIONS = NO;
				ENABLE_STRICT_OBJC_MSGSEND = YES;
				GCC_C_LANGUAGE_STANDARD = gnu99;
				GCC_NO_COMMON_BLOCKS = YES;
				GCC_WARN_64_TO_32_BIT_CONVERSION = YES;
				GCC_WARN_ABOUT_RETURN_TYPE = YES_ERROR;
				GCC_WARN_UNDECLARED_SELECTOR = YES;
				GCC_WARN_UNINITIALIZED_AUTOS = YES_AGGRESSIVE;
				GCC_WARN_UNUSED_FUNCTION = YES;
				GCC_WARN_UNUSED_VARIABLE = YES;
				IPHONEOS_DEPLOYMENT_TARGET = 9.3;
				MTL_ENABLE_DEBUG_INFO = NO;
				SDKROOT = iphoneos;
				VALIDATE_PRODUCT = YES;
			};
			name = Release;
		};
		634BF61A1D46868A001149C7 /* Debug */ = {
			isa = XCBuildConfiguration;
			buildSettings = {
				ASSETCATALOG_COMPILER_APPICON_NAME = AppIcon;
				INFOPLIST_FILE = SmashTag/Info.plist;
				LD_RUNPATH_SEARCH_PATHS = "$(inherited) @executable_path/Frameworks";
				PRODUCT_BUNDLE_IDENTIFIER = com.vromanov.SmashTag;
				PRODUCT_NAME = "$(TARGET_NAME)";
			};
			name = Debug;
		};
		634BF61B1D46868A001149C7 /* Release */ = {
			isa = XCBuildConfiguration;
			buildSettings = {
				ASSETCATALOG_COMPILER_APPICON_NAME = AppIcon;
				INFOPLIST_FILE = SmashTag/Info.plist;
				LD_RUNPATH_SEARCH_PATHS = "$(inherited) @executable_path/Frameworks";
				PRODUCT_BUNDLE_IDENTIFIER = com.vromanov.SmashTag;
				PRODUCT_NAME = "$(TARGET_NAME)";
			};
			name = Release;
		};
/* End XCBuildConfiguration section */

/* Begin XCConfigurationList section */
		634BF6021D46868A001149C7 /* Build configuration list for PBXProject "SmashTag" */ = {
			isa = XCConfigurationList;
			buildConfigurations = (
				634BF6171D46868A001149C7 /* Debug */,
				634BF6181D46868A001149C7 /* Release */,
			);
			defaultConfigurationIsVisible = 0;
			defaultConfigurationName = Release;
		};
		634BF6191D46868A001149C7 /* Build configuration list for PBXNativeTarget "SmashTag" */ = {
			isa = XCConfigurationList;
			buildConfigurations = (
				634BF61A1D46868A001149C7 /* Debug */,
				634BF61B1D46868A001149C7 /* Release */,
			);
			defaultConfigurationIsVisible = 0;
			defaultConfigurationName = Release;
		};
/* End XCConfigurationList section */
	};
	rootObject = 634BF5FF1D46868A001149C7 /* Project object */;
}
